
Microsoft Visual Studio Solution File, Format Version 11.00
# Visual Studio 2010
Project("{FAE04EC0-301F-11D3-BF4B-00C04F79EFBC}") = "BibliotecaUniversidad", "BibliotecaUniversidad\BibliotecaUniversidad.csproj", "{25771CE0-EECC-4E6B-B558-89BF611FEC02}"
EndProject
Project("{FAE04EC0-301F-11D3-BF4B-00C04F79EFBC}") = "SitioWebUniversidad", "SitioWebUniversidad\SitioWebUniversidad.csproj", "{6D0FD9D1-AA39-4152-8ABD-9FB740099011}"
EndProject
Global
	GlobalSection(SolutionConfigurationPlatforms) = preSolution
		Debug|Any CPU = Debug|Any CPU
		Release|Any CPU = Release|Any CPU
	EndGlobalSection
	GlobalSection(ProjectConfigurationPlatforms) = postSolution
		{25771CE0-EECC-4E6B-B558-89BF611FEC02}.Debug|Any CPU.ActiveCfg = Debug|Any CPU
		{25771CE0-EECC-4E6B-B558-89BF611FEC02}.Debug|Any CPU.Build.0 = Debug|Any CPU
		{25771CE0-EECC-4E6B-B558-89BF611FEC02}.Release|Any CPU.ActiveCfg = Release|Any CPU
		{25771CE0-EECC-4E6B-B558-89BF611FEC02}.Release|Any CPU.Build.0 = Release|Any CPU
		{6D0FD9D1-AA39-4152-8ABD-9FB740099011}.Debug|Any CPU.ActiveCfg = Debug|Any CPU
		{6D0FD9D1-AA39-4152-8ABD-9FB740099011}.Debug|Any CPU.Build.0 = Debug|Any CPU
		{6D0FD9D1-AA39-4152-8ABD-9FB740099011}.Release|Any CPU.ActiveCfg = Release|Any CPU
		{6D0FD9D1-AA39-4152-8ABD-9FB740099011}.Release|Any CPU.Build.0 = Release|Any CPU
	EndGlobalSection
	GlobalSection(SolutionProperties) = preSolution
		HideSolutionNode = FALSE
	EndGlobalSection
EndGlobal
